
Microsoft Visual Studio Solution File, Format Version 12.00
# Visual Studio Version 17
VisualStudioVersion = 17.14.36221.1 d17.14
MinimumVisualStudioVersion = 10.0.40219.1
Project("{FAE04EC0-301F-11D3-BF4B-00C04F79EFBC}") = "ProjetoMVC3", "ProjetoMVC3\ProjetoMVC3.csproj", "{796CD1AC-6240-4B56-9398-9CA0FD5C4CA1}"
EndProject
Global
	GlobalSection(SolutionConfigurationPlatforms) = preSolution
		Debug|Any CPU = Debug|Any CPU
		Release|Any CPU = Release|Any CPU
	EndGlobalSection
	GlobalSection(ProjectConfigurationPlatforms) = postSolution
		{796CD1AC-6240-4B56-9398-9CA0FD5C4CA1}.Debug|Any CPU.ActiveCfg = Debug|Any CPU
		{796CD1AC-6240-4B56-9398-9CA0FD5C4CA1}.Debug|Any CPU.Build.0 = Debug|Any CPU
		{796CD1AC-6240-4B56-9398-9CA0FD5C4CA1}.Release|Any CPU.ActiveCfg = Release|Any CPU
		{796CD1AC-6240-4B56-9398-9CA0FD5C4CA1}.Release|Any CPU.Build.0 = Release|Any CPU
	EndGlobalSection
	GlobalSection(SolutionProperties) = preSolution
		HideSolutionNode = FALSE
	EndGlobalSection
	GlobalSection(ExtensibilityGlobals) = postSolution
		SolutionGuid = {42B878B0-CA5E-4AD8-8421-896182FC6459}
	EndGlobalSection
EndGlobal
